
Microsoft Visual Studio Solution File, Format Version 12.00
# Visual Studio Version 16
VisualStudioVersion = 16.0.30225.117
MinimumVisualStudioVersion = 10.0.40219.1
Project("{8BC9CEB8-8B4A-11D0-8D11-00A0C91BC942}") = "LuminousOSC", "LuminousOSC\LuminousOSC.vcxproj", "{EBEFA3FB-4C61-41BF-8A51-D6F0907013E2}"
EndProject
Global
	GlobalSection(SolutionConfigurationPlatforms) = preSolution
		Debug|x64 = Debug|x64
		Debug|x86 = Debug|x86
		Release|x64 = Release|x64
		Release|x86 = Release|x86
	EndGlobalSection
	GlobalSection(ProjectConfigurationPlatforms) = postSolution
		{EBEFA3FB-4C61-41BF-8A51-D6F0907013E2}.Debug|x64.ActiveCfg = Debug|x64
		{EBEFA3FB-4C61-41BF-8A51-D6F0907013E2}.Debug|x64.Build.0 = Debug|x64
		{EBEFA3FB-4C61-41BF-8A51-D6F0907013E2}.Debug|x86.ActiveCfg = Debug|Win32
		{EBEFA3FB-4C61-41BF-8A51-D6F0907013E2}.Debug|x86.Build.0 = Debug|Win32
		{EBEFA3FB-4C61-41BF-8A51-D6F0907013E2}.Release|x64.ActiveCfg = Release|x64
		{EBEFA3FB-4C61-41BF-8A51-D6F0907013E2}.Release|x64.Build.0 = Release|x64
		{EBEFA3FB-4C61-41BF-8A51-D6F0907013E2}.Release|x86.ActiveCfg = Release|Win32
		{EBEFA3FB-4C61-41BF-8A51-D6F0907013E2}.Release|x86.Build.0 = Release|Win32
	EndGlobalSection
	GlobalSection(SolutionProperties) = preSolution
		HideSolutionNode = FALSE
	EndGlobalSection
	GlobalSection(ExtensibilityGlobals) = postSolution
		SolutionGuid = {33B52E81-AFE1-4A27-A40E-28BB6424ACFB}
	EndGlobalSection
EndGlobal
