// !$*UTF8*$!
{
	archiveVersion = 1;
	classes = {
	};
	objectVersion = 55;
	objects = {

/* Begin PBXBuildFile section */
		410917C7291CA46D00197BFB /* LuminousOSC.cpp in Sources */ = {isa = PBXBuildFile; fileRef = 410917C6291CA46D00197BFB /* LuminousOSC.cpp */; };
		418254C1291D4BDD00BB343F /* libopencv_highgui.405.dylib in Frameworks */ = {isa = PBXBuildFile; fileRef = 418254BC291D4BDD00BB343F /* libopencv_highgui.405.dylib */; };
		418254C2291D4BDD00BB343F /* libopencv_imgproc.405.dylib in Frameworks */ = {isa = PBXBuildFile; fileRef = 418254BD291D4BDD00BB343F /* libopencv_imgproc.405.dylib */; };
		418254C3291D4BDD00BB343F /* libopencv_videoio.405.dylib in Frameworks */ = {isa = PBXBuildFile; fileRef = 418254BE291D4BDD00BB343F /* libopencv_videoio.405.dylib */; };
		418254C4291D4BDD00BB343F /* libopencv_core.405.dylib in Frameworks */ = {isa = PBXBuildFile; fileRef = 418254BF291D4BDD00BB343F /* libopencv_core.405.dylib */; };
		418254C5291D4BDD00BB343F /* libopencv_imgcodecs.405.dylib in Frameworks */ = {isa = PBXBuildFile; fileRef = 418254C0291D4BDD00BB343F /* libopencv_imgcodecs.405.dylib */; };
		41C48268291D05A200A57AA5 /* UdpSocket.cpp in Sources */ = {isa = PBXBuildFile; fileRef = 41C48266291D05A100A57AA5 /* UdpSocket.cpp */; };
		41C48269291D05A200A57AA5 /* NetworkingUtils.cpp in Sources */ = {isa = PBXBuildFile; fileRef = 41C48267291D05A100A57AA5 /* NetworkingUtils.cpp */; };
		41C4826E291D05B500A57AA5 /* OscReceivedElements.cpp in Sources */ = {isa = PBXBuildFile; fileRef = 41C4826A291D05B500A57AA5 /* OscReceivedElements.cpp */; };
		41C4826F291D05B500A57AA5 /* OscPrintReceivedElements.cpp in Sources */ = {isa = PBXBuildFile; fileRef = 41C4826B291D05B500A57AA5 /* OscPrintReceivedElements.cpp */; };
		41C48270291D05B500A57AA5 /* OscOutboundPacketStream.cpp in Sources */ = {isa = PBXBuildFile; fileRef = 41C4826C291D05B500A57AA5 /* OscOutboundPacketStream.cpp */; };
		41C48271291D05B500A57AA5 /* OscTypes.cpp in Sources */ = {isa = PBXBuildFile; fileRef = 41C4826D291D05B500A57AA5 /* OscTypes.cpp */; };
		41C48273291D076300A57AA5 /* IpEndpointName.cpp in Sources */ = {isa = PBXBuildFile; fileRef = 41C48272291D076300A57AA5 /* IpEndpointName.cpp */; };
/* End PBXBuildFile section */

/* Begin PBXCopyFilesBuildPhase section */
		41E20190291BB2AC007647B5 /* CopyFiles */ = {
			isa = PBXCopyFilesBuildPhase;
			buildActionMask = 2147483647;
			dstPath = /usr/share/man/man1/;
			dstSubfolderSpec = 0;
			files = (
			);
			runOnlyForDeploymentPostprocessing = 1;
		};
/* End PBXCopyFilesBuildPhase section */

/* Begin PBXFileReference section */
		410917C6291CA46D00197BFB /* LuminousOSC.cpp */ = {isa = PBXFileReference; fileEncoding = 4; lastKnownFileType = sourcecode.cpp.cpp; path = LuminousOSC.cpp; sourceTree = "<group>"; };
		418254BC291D4BDD00BB343F /* libopencv_highgui.405.dylib */ = {isa = PBXFileReference; lastKnownFileType = "compiled.mach-o.dylib"; name = libopencv_highgui.405.dylib; path = "LuminousOSC/dependencies/opencv-4.5.5/build/x64/macosx/libopencv_highgui.405.dylib"; sourceTree = "<group>"; };
		418254BD291D4BDD00BB343F /* libopencv_imgproc.405.dylib */ = {isa = PBXFileReference; lastKnownFileType = "compiled.mach-o.dylib"; name = libopencv_imgproc.405.dylib; path = "LuminousOSC/dependencies/opencv-4.5.5/build/x64/macosx/libopencv_imgproc.405.dylib"; sourceTree = "<group>"; };
		418254BE291D4BDD00BB343F /* libopencv_videoio.405.dylib */ = {isa = PBXFileReference; lastKnownFileType = "compiled.mach-o.dylib"; name = libopencv_videoio.405.dylib; path = "LuminousOSC/dependencies/opencv-4.5.5/build/x64/macosx/libopencv_videoio.405.dylib"; sourceTree = "<group>"; };
		418254BF291D4BDD00BB343F /* libopencv_core.405.dylib */ = {isa = PBXFileReference; lastKnownFileType = "compiled.mach-o.dylib"; name = libopencv_core.405.dylib; path = "LuminousOSC/dependencies/opencv-4.5.5/build/x64/macosx/libopencv_core.405.dylib"; sourceTree = "<group>"; };
		418254C0291D4BDD00BB343F /* libopencv_imgcodecs.405.dylib */ = {isa = PBXFileReference; lastKnownFileType = "compiled.mach-o.dylib"; name = libopencv_imgcodecs.405.dylib; path = "LuminousOSC/dependencies/opencv-4.5.5/build/x64/macosx/libopencv_imgcodecs.405.dylib"; sourceTree = "<group>"; };
		41C48266291D05A100A57AA5 /* UdpSocket.cpp */ = {isa = PBXFileReference; fileEncoding = 4; lastKnownFileType = sourcecode.cpp.cpp; name = UdpSocket.cpp; path = "LuminousOSC/dependencies/oscpack-1.1.0/ip/posix/UdpSocket.cpp"; sourceTree = "<group>"; };
		41C48267291D05A100A57AA5 /* NetworkingUtils.cpp */ = {isa = PBXFileReference; fileEncoding = 4; lastKnownFileType = sourcecode.cpp.cpp; name = NetworkingUtils.cpp; path = "LuminousOSC/dependencies/oscpack-1.1.0/ip/posix/NetworkingUtils.cpp"; sourceTree = "<group>"; };
		41C4826A291D05B500A57AA5 /* OscReceivedElements.cpp */ = {isa = PBXFileReference; fileEncoding = 4; lastKnownFileType = sourcecode.cpp.cpp; name = OscReceivedElements.cpp; path = "LuminousOSC/dependencies/oscpack-1.1.0/osc/OscReceivedElements.cpp"; sourceTree = "<group>"; };
		41C4826B291D05B500A57AA5 /* OscPrintReceivedElements.cpp */ = {isa = PBXFileReference; fileEncoding = 4; lastKnownFileType = sourcecode.cpp.cpp; name = OscPrintReceivedElements.cpp; path = "LuminousOSC/dependencies/oscpack-1.1.0/osc/OscPrintReceivedElements.cpp"; sourceTree = "<group>"; };
		41C4826C291D05B500A57AA5 /* OscOutboundPacketStream.cpp */ = {isa = PBXFileReference; fileEncoding = 4; lastKnownFileType = sourcecode.cpp.cpp; name = OscOutboundPacketStream.cpp; path = "LuminousOSC/dependencies/oscpack-1.1.0/osc/OscOutboundPacketStream.cpp"; sourceTree = "<group>"; };
		41C4826D291D05B500A57AA5 /* OscTypes.cpp */ = {isa = PBXFileReference; fileEncoding = 4; lastKnownFileType = sourcecode.cpp.cpp; name = OscTypes.cpp; path = "LuminousOSC/dependencies/oscpack-1.1.0/osc/OscTypes.cpp"; sourceTree = "<group>"; };
		41C48272291D076300A57AA5 /* IpEndpointName.cpp */ = {isa = PBXFileReference; fileEncoding = 4; lastKnownFileType = sourcecode.cpp.cpp; name = IpEndpointName.cpp; path = "LuminousOSC/dependencies/oscpack-1.1.0/ip/IpEndpointName.cpp"; sourceTree = "<group>"; };
		41E20192291BB2AC007647B5 /* LuminousOSC */ = {isa = PBXFileReference; explicitFileType = "compiled.mach-o.executable"; includeInIndex = 0; path = LuminousOSC; sourceTree = BUILT_PRODUCTS_DIR; };
		41E20228291BB772007647B5 /* LuminousOSC.entitlements */ = {isa = PBXFileReference; lastKnownFileType = text.plist.entitlements; path = LuminousOSC.entitlements; sourceTree = "<group>"; };
/* End PBXFileReference section */

/* Begin PBXFrameworksBuildPhase section */
		41E2018F291BB2AC007647B5 /* Frameworks */ = {
			isa = PBXFrameworksBuildPhase;
			buildActionMask = 2147483647;
			files = (
				418254C2291D4BDD00BB343F /* libopencv_imgproc.405.dylib in Frameworks */,
				418254C5291D4BDD00BB343F /* libopencv_imgcodecs.405.dylib in Frameworks */,
				418254C3291D4BDD00BB343F /* libopencv_videoio.405.dylib in Frameworks */,
				418254C1291D4BDD00BB343F /* libopencv_highgui.405.dylib in Frameworks */,
				418254C4291D4BDD00BB343F /* libopencv_core.405.dylib in Frameworks */,
			);
			runOnlyForDeploymentPostprocessing = 0;
		};
/* End PBXFrameworksBuildPhase section */

/* Begin PBXGroup section */
		418254C6291D4BE800BB343F /* opencv */ = {
			isa = PBXGroup;
			children = (
				418254BF291D4BDD00BB343F /* libopencv_core.405.dylib */,
				418254BC291D4BDD00BB343F /* libopencv_highgui.405.dylib */,
				418254C0291D4BDD00BB343F /* libopencv_imgcodecs.405.dylib */,
				418254BD291D4BDD00BB343F /* libopencv_imgproc.405.dylib */,
				418254BE291D4BDD00BB343F /* libopencv_videoio.405.dylib */,
			);
			name = opencv;
			sourceTree = "<group>";
		};
		41A432D6291BF38D00769C41 /* Frameworks */ = {
			isa = PBXGroup;
			children = (
			);
			name = Frameworks;
			sourceTree = "<group>";
		};
		41C48265291D058300A57AA5 /* oscpack */ = {
			isa = PBXGroup;
			children = (
				41C48272291D076300A57AA5 /* IpEndpointName.cpp */,
				41C4826C291D05B500A57AA5 /* OscOutboundPacketStream.cpp */,
				41C4826B291D05B500A57AA5 /* OscPrintReceivedElements.cpp */,
				41C4826A291D05B500A57AA5 /* OscReceivedElements.cpp */,
				41C4826D291D05B500A57AA5 /* OscTypes.cpp */,
				41C48267291D05A100A57AA5 /* NetworkingUtils.cpp */,
				41C48266291D05A100A57AA5 /* UdpSocket.cpp */,
			);
			name = oscpack;
			sourceTree = "<group>";
		};
		41E20189291BB2AC007647B5 = {
			isa = PBXGroup;
			children = (
				418254C6291D4BE800BB343F /* opencv */,
				41C48265291D058300A57AA5 /* oscpack */,
				41E20194291BB2AC007647B5 /* LuminousOSC */,
				41E20193291BB2AC007647B5 /* Products */,
				41A432D6291BF38D00769C41 /* Frameworks */,
			);
			sourceTree = "<group>";
		};
		41E20193291BB2AC007647B5 /* Products */ = {
			isa = PBXGroup;
			children = (
				41E20192291BB2AC007647B5 /* LuminousOSC */,
			);
			name = Products;
			sourceTree = "<group>";
		};
		41E20194291BB2AC007647B5 /* LuminousOSC */ = {
			isa = PBXGroup;
			children = (
				410917C6291CA46D00197BFB /* LuminousOSC.cpp */,
				41E20228291BB772007647B5 /* LuminousOSC.entitlements */,
			);
			path = LuminousOSC;
			sourceTree = "<group>";
		};
/* End PBXGroup section */

/* Begin PBXNativeTarget section */
		41E20191291BB2AC007647B5 /* LuminousOSC */ = {
			isa = PBXNativeTarget;
			buildConfigurationList = 41E20199291BB2AC007647B5 /* Build configuration list for PBXNativeTarget "LuminousOSC" */;
			buildPhases = (
				41E2018E291BB2AC007647B5 /* Sources */,
				41E2018F291BB2AC007647B5 /* Frameworks */,
				41E20190291BB2AC007647B5 /* CopyFiles */,
			);
			buildRules = (
			);
			dependencies = (
			);
			name = LuminousOSC;
			productName = LuminousOSC;
			productReference = 41E20192291BB2AC007647B5 /* LuminousOSC */;
			productType = "com.apple.product-type.tool";
		};
/* End PBXNativeTarget section */

/* Begin PBXProject section */
		41E2018A291BB2AC007647B5 /* Project object */ = {
			isa = PBXProject;
			attributes = {
				BuildIndependentTargetsInParallel = 1;
				LastUpgradeCheck = 1330;
				TargetAttributes = {
					41E20191291BB2AC007647B5 = {
						CreatedOnToolsVersion = 13.3;
					};
				};
			};
			buildConfigurationList = 41E2018D291BB2AC007647B5 /* Build configuration list for PBXProject "LuminousOSC" */;
			compatibilityVersion = "Xcode 13.0";
			developmentRegion = en;
			hasScannedForEncodings = 0;
			knownRegions = (
				en,
				Base,
			);
			mainGroup = 41E20189291BB2AC007647B5;
			productRefGroup = 41E20193291BB2AC007647B5 /* Products */;
			projectDirPath = "";
			projectRoot = "";
			targets = (
				41E20191291BB2AC007647B5 /* LuminousOSC */,
			);
		};
/* End PBXProject section */

/* Begin PBXSourcesBuildPhase section */
		41E2018E291BB2AC007647B5 /* Sources */ = {
			isa = PBXSourcesBuildPhase;
			buildActionMask = 2147483647;
			files = (
				41C4826E291D05B500A57AA5 /* OscReceivedElements.cpp in Sources */,
				41C48269291D05A200A57AA5 /* NetworkingUtils.cpp in Sources */,
				41C48270291D05B500A57AA5 /* OscOutboundPacketStream.cpp in Sources */,
				41C48268291D05A200A57AA5 /* UdpSocket.cpp in Sources */,
				410917C7291CA46D00197BFB /* LuminousOSC.cpp in Sources */,
				41C4826F291D05B500A57AA5 /* OscPrintReceivedElements.cpp in Sources */,
				41C48273291D076300A57AA5 /* IpEndpointName.cpp in Sources */,
				41C48271291D05B500A57AA5 /* OscTypes.cpp in Sources */,
			);
			runOnlyForDeploymentPostprocessing = 0;
		};
/* End PBXSourcesBuildPhase section */

/* Begin XCBuildConfiguration section */
		41E20197291BB2AC007647B5 /* Debug */ = {
			isa = XCBuildConfiguration;
			buildSettings = {
				ALWAYS_SEARCH_USER_PATHS = NO;
				CLANG_ANALYZER_NONNULL = YES;
				CLANG_ANALYZER_NUMBER_OBJECT_CONVERSION = YES_AGGRESSIVE;
				CLANG_CXX_LANGUAGE_STANDARD = "gnu++17";
				CLANG_ENABLE_MODULES = YES;
				CLANG_ENABLE_OBJC_ARC = YES;
				CLANG_ENABLE_OBJC_WEAK = YES;
				CLANG_WARN_BLOCK_CAPTURE_AUTORELEASING = YES;
				CLANG_WARN_BOOL_CONVERSION = YES;
				CLANG_WARN_COMMA = YES;
				CLANG_WARN_CONSTANT_CONVERSION = YES;
				CLANG_WARN_DEPRECATED_OBJC_IMPLEMENTATIONS = YES;
				CLANG_WARN_DIRECT_OBJC_ISA_USAGE = YES_ERROR;
				CLANG_WARN_DOCUMENTATION_COMMENTS = YES;
				CLANG_WARN_EMPTY_BODY = YES;
				CLANG_WARN_ENUM_CONVERSION = YES;
				CLANG_WARN_INFINITE_RECURSION = YES;
				CLANG_WARN_INT_CONVERSION = YES;
				CLANG_WARN_NON_LITERAL_NULL_CONVERSION = YES;
				CLANG_WARN_OBJC_IMPLICIT_RETAIN_SELF = YES;
				CLANG_WARN_OBJC_LITERAL_CONVERSION = YES;
				CLANG_WARN_OBJC_ROOT_CLASS = YES_ERROR;
				CLANG_WARN_QUOTED_INCLUDE_IN_FRAMEWORK_HEADER = YES;
				CLANG_WARN_RANGE_LOOP_ANALYSIS = YES;
				CLANG_WARN_STRICT_PROTOTYPES = YES;
				CLANG_WARN_SUSPICIOUS_MOVE = YES;
				CLANG_WARN_UNGUARDED_AVAILABILITY = YES_AGGRESSIVE;
				CLANG_WARN_UNREACHABLE_CODE = YES;
				CLANG_WARN__DUPLICATE_METHOD_MATCH = YES;
				COPY_PHASE_STRIP = NO;
				DEBUG_INFORMATION_FORMAT = dwarf;
				ENABLE_STRICT_OBJC_MSGSEND = YES;
				ENABLE_TESTABILITY = YES;
				GCC_C_LANGUAGE_STANDARD = gnu11;
				GCC_DYNAMIC_NO_PIC = NO;
				GCC_NO_COMMON_BLOCKS = YES;
				GCC_OPTIMIZATION_LEVEL = 0;
				GCC_PREPROCESSOR_DEFINITIONS = (
					"DEBUG=1",
					"$(inherited)",
				);
				GCC_WARN_64_TO_32_BIT_CONVERSION = YES;
				GCC_WARN_ABOUT_RETURN_TYPE = YES_ERROR;
				GCC_WARN_UNDECLARED_SELECTOR = YES;
				GCC_WARN_UNINITIALIZED_AUTOS = YES_AGGRESSIVE;
				GCC_WARN_UNUSED_FUNCTION = YES;
				GCC_WARN_UNUSED_VARIABLE = YES;
				"HEADER_SEARCH_PATHS[arch=*]" = "";
				MACOSX_DEPLOYMENT_TARGET = 12.0;
				MTL_ENABLE_DEBUG_INFO = INCLUDE_SOURCE;
				MTL_FAST_MATH = YES;
				ONLY_ACTIVE_ARCH = YES;
				SDKROOT = macosx;
				USE_HEADERMAP = NO;
			};
			name = Debug;
		};
		41E20198291BB2AC007647B5 /* Release */ = {
			isa = XCBuildConfiguration;
			buildSettings = {
				ALWAYS_SEARCH_USER_PATHS = NO;
				CLANG_ANALYZER_NONNULL = YES;
				CLANG_ANALYZER_NUMBER_OBJECT_CONVERSION = YES_AGGRESSIVE;
				CLANG_CXX_LANGUAGE_STANDARD = "gnu++17";
				CLANG_ENABLE_MODULES = YES;
				CLANG_ENABLE_OBJC_ARC = YES;
				CLANG_ENABLE_OBJC_WEAK = YES;
				CLANG_WARN_BLOCK_CAPTURE_AUTORELEASING = YES;
				CLANG_WARN_BOOL_CONVERSION = YES;
				CLANG_WARN_COMMA = YES;
				CLANG_WARN_CONSTANT_CONVERSION = YES;
				CLANG_WARN_DEPRECATED_OBJC_IMPLEMENTATIONS = YES;
				CLANG_WARN_DIRECT_OBJC_ISA_USAGE = YES_ERROR;
				CLANG_WARN_DOCUMENTATION_COMMENTS = YES;
				CLANG_WARN_EMPTY_BODY = YES;
				CLANG_WARN_ENUM_CONVERSION = YES;
				CLANG_WARN_INFINITE_RECURSION = YES;
				CLANG_WARN_INT_CONVERSION = YES;
				CLANG_WARN_NON_LITERAL_NULL_CONVERSION = YES;
				CLANG_WARN_OBJC_IMPLICIT_RETAIN_SELF = YES;
				CLANG_WARN_OBJC_LITERAL_CONVERSION = YES;
				CLANG_WARN_OBJC_ROOT_CLASS = YES_ERROR;
				CLANG_WARN_QUOTED_INCLUDE_IN_FRAMEWORK_HEADER = YES;
				CLANG_WARN_RANGE_LOOP_ANALYSIS = YES;
				CLANG_WARN_STRICT_PROTOTYPES = YES;
				CLANG_WARN_SUSPICIOUS_MOVE = YES;
				CLANG_WARN_UNGUARDED_AVAILABILITY = YES_AGGRESSIVE;
				CLANG_WARN_UNREACHABLE_CODE = YES;
				CLANG_WARN__DUPLICATE_METHOD_MATCH = YES;
				COPY_PHASE_STRIP = NO;
				DEBUG_INFORMATION_FORMAT = "dwarf-with-dsym";
				ENABLE_NS_ASSERTIONS = NO;
				ENABLE_STRICT_OBJC_MSGSEND = YES;
				GCC_C_LANGUAGE_STANDARD = gnu11;
				GCC_NO_COMMON_BLOCKS = YES;
				GCC_WARN_64_TO_32_BIT_CONVERSION = YES;
				GCC_WARN_ABOUT_RETURN_TYPE = YES_ERROR;
				GCC_WARN_UNDECLARED_SELECTOR = YES;
				GCC_WARN_UNINITIALIZED_AUTOS = YES_AGGRESSIVE;
				GCC_WARN_UNUSED_FUNCTION = YES;
				GCC_WARN_UNUSED_VARIABLE = YES;
				"HEADER_SEARCH_PATHS[arch=*]" = "$(PROJECT_DIR)/LuminousOSC/dependencies/**";
				MACOSX_DEPLOYMENT_TARGET = 12.0;
				MTL_ENABLE_DEBUG_INFO = NO;
				MTL_FAST_MATH = YES;
				ONLY_ACTIVE_ARCH = YES;
				SDKROOT = macosx;
				USE_HEADERMAP = NO;
			};
			name = Release;
		};
		41E2019A291BB2AC007647B5 /* Debug */ = {
			isa = XCBuildConfiguration;
			buildSettings = {
				CODE_SIGN_ENTITLEMENTS = LuminousOSC/LuminousOSC.entitlements;
				CODE_SIGN_STYLE = Automatic;
				DEVELOPMENT_TEAM = FSX7G7QFX5;
				ENABLE_HARDENED_RUNTIME = YES;
				"HEADER_SEARCH_PATHS[arch=*]" = "";
				LD_RUNPATH_SEARCH_PATHS = "@executable_path";
				LIBRARY_SEARCH_PATHS = "$(PROJECT_DIR)/LuminousOSC/dependencies/opencv-4.5.5/build/x64/macosx";
				PRODUCT_NAME = "$(TARGET_NAME)";
			};
			name = Debug;
		};
		41E2019B291BB2AC007647B5 /* Release */ = {
			isa = XCBuildConfiguration;
			buildSettings = {
				CODE_SIGN_ENTITLEMENTS = LuminousOSC/LuminousOSC.entitlements;
				CODE_SIGN_STYLE = Automatic;
				DEVELOPMENT_TEAM = FSX7G7QFX5;
				ENABLE_HARDENED_RUNTIME = YES;
				"HEADER_SEARCH_PATHS[arch=*]" = "$(PROJECT_DIR)/LuminousOSC/dependencies/**";
				LD_RUNPATH_SEARCH_PATHS = "@executable_path";
				LIBRARY_SEARCH_PATHS = (
					"$(PROJECT_DIR)/LuminousOSC/dependencies/**",
					"$(PROJECT_DIR)/LuminousOSC/dependencies/opencv-4.5.5/build/x64/macosx",
				);
				PRODUCT_NAME = "$(TARGET_NAME)";
			};
			name = Release;
		};
/* End XCBuildConfiguration section */

/* Begin XCConfigurationList section */
		41E2018D291BB2AC007647B5 /* Build configuration list for PBXProject "LuminousOSC" */ = {
			isa = XCConfigurationList;
			buildConfigurations = (
				41E20197291BB2AC007647B5 /* Debug */,
				41E20198291BB2AC007647B5 /* Release */,
			);
			defaultConfigurationIsVisible = 0;
			defaultConfigurationName = Release;
		};
		41E20199291BB2AC007647B5 /* Build configuration list for PBXNativeTarget "LuminousOSC" */ = {
			isa = XCConfigurationList;
			buildConfigurations = (
				41E2019A291BB2AC007647B5 /* Debug */,
				41E2019B291BB2AC007647B5 /* Release */,
			);
			defaultConfigurationIsVisible = 0;
			defaultConfigurationName = Release;
		};
/* End XCConfigurationList section */
	};
	rootObject = 41E2018A291BB2AC007647B5 /* Project object */;
}
